{
  "name": "audio-visualizer",
  "version": "0.1.0",
  "lockfileVersion": 1,
  "requires": true,
  "dependencies": {
    "jsmediatags": {
      "version": "3.8.1",
      "resolved": "https://artifactory.rsglab.com:443/artifactory/api/npm/npm/jsmediatags/-/jsmediatags-3.8.1.tgz?dl=https://registry.npmjs.org/jsmediatags/-/jsmediatags-3.8.1.tgz",
      "integrity": "sha1-4n0m6VewszDCj5diyClAxNzGRyA=",
      "requires": {
        "xhr2": "0.1.4"
      }
    },
    "xhr2": {
      "version": "0.1.4",
      "resolved": "https://artifactory.rsglab.com:443/artifactory/api/npm/npm/xhr2/-/xhr2-0.1.4.tgz?dl=https://registry.npmjs.org/xhr2/-/xhr2-0.1.4.tgz",
      "integrity": "sha1-f4dliEdxbbUCYyOBL4GMras4el8="
    }
  }
}
